
Microsoft Visual Studio Solution File, Format Version 12.00
# Visual Studio Version 17
VisualStudioVersion = 17.10.34928.147
MinimumVisualStudioVersion = 10.0.40219.1
Project("{FAE04EC0-301F-11D3-BF4B-00C04F79EFBC}") = "Asyn_Sync_xample", "Asyn_Sync_xample\Asyn_Sync_xample.csproj", "{B8ECA74D-1490-440B-8122-B6E606CD315B}"
EndProject
Project("{FAE04EC0-301F-11D3-BF4B-00C04F79EFBC}") = "Async_Sync_xample2", "Async_Sync_xample2\Async_Sync_xample2.csproj", "{3817E41B-FB8D-43C6-9297-808F21862D0E}"
EndProject
Project("{FAE04EC0-301F-11D3-BF4B-00C04F79EFBC}") = "Serializer_Deseralizer", "Serializer_Deseralizer\Serializer_Deseralizer.csproj", "{0B19CCDB-8B23-4AFA-A936-6EB805009160}"
EndProject
Global
	GlobalSection(SolutionConfigurationPlatforms) = preSolution
		Debug|Any CPU = Debug|Any CPU
		Release|Any CPU = Release|Any CPU
	EndGlobalSection
	GlobalSection(ProjectConfigurationPlatforms) = postSolution
		{B8ECA74D-1490-440B-8122-B6E606CD315B}.Debug|Any CPU.ActiveCfg = Debug|Any CPU
		{B8ECA74D-1490-440B-8122-B6E606CD315B}.Debug|Any CPU.Build.0 = Debug|Any CPU
		{B8ECA74D-1490-440B-8122-B6E606CD315B}.Release|Any CPU.ActiveCfg = Release|Any CPU
		{B8ECA74D-1490-440B-8122-B6E606CD315B}.Release|Any CPU.Build.0 = Release|Any CPU
		{3817E41B-FB8D-43C6-9297-808F21862D0E}.Debug|Any CPU.ActiveCfg = Debug|Any CPU
		{3817E41B-FB8D-43C6-9297-808F21862D0E}.Debug|Any CPU.Build.0 = Debug|Any CPU
		{3817E41B-FB8D-43C6-9297-808F21862D0E}.Release|Any CPU.ActiveCfg = Release|Any CPU
		{3817E41B-FB8D-43C6-9297-808F21862D0E}.Release|Any CPU.Build.0 = Release|Any CPU
		{0B19CCDB-8B23-4AFA-A936-6EB805009160}.Debug|Any CPU.ActiveCfg = Debug|Any CPU
		{0B19CCDB-8B23-4AFA-A936-6EB805009160}.Debug|Any CPU.Build.0 = Debug|Any CPU
		{0B19CCDB-8B23-4AFA-A936-6EB805009160}.Release|Any CPU.ActiveCfg = Release|Any CPU
		{0B19CCDB-8B23-4AFA-A936-6EB805009160}.Release|Any CPU.Build.0 = Release|Any CPU
	EndGlobalSection
	GlobalSection(SolutionProperties) = preSolution
		HideSolutionNode = FALSE
	EndGlobalSection
	GlobalSection(ExtensibilityGlobals) = postSolution
		SolutionGuid = {E49A5686-87E1-4745-A61B-09ABBE9FBEA6}
	EndGlobalSection
EndGlobal
